{
  "nodes": {
    "base16": {
      "inputs": {
        "fromYaml": "fromYaml"
      },
      "locked": {
        "lastModified": 1721224776,
        "narHash": "sha256-iakVQHg2DSmdOc5dNBwrDt9JLRxX5MT+IIbxfZEpGdo=",
        "owner": "SenchoPens",
        "repo": "base16.nix",
        "rev": "c89c8123310257f3ddc04cc59aa4b5573c6d515f",
        "type": "github"
      },
      "original": {
        "owner": "SenchoPens",
        "repo": "base16.nix",
        "type": "github"
      }
    },
    "fromYaml": {
      "flake": false,
      "locked": {
        "lastModified": 1721222302,
        "narHash": "sha256-5vL4w9+tS9yd8WpIiDUtxN1IuxCVK2nebZMs/hCXXis=",
        "owner": "SenchoPens",
        "repo": "fromYaml",
        "rev": "93bad85d1633b8b27287b438c0bd394094c24d06",
        "type": "github"
      },
      "original": {
        "owner": "SenchoPens",
        "repo": "fromYaml",
        "type": "github"
      }
    },
    "home-manager": {
      "inputs": {
        "nixpkgs": [
          "nixpkgs"
        ]
      },
      "locked": {
        "lastModified": 1726768658,
        "narHash": "sha256-RgTDMOT/FHa9MUsDPdvv8o0wAfy4hSMTY9+YgGnXoLA=",
        "owner": "nix-community",
        "repo": "home-manager",
        "rev": "b5e09b85f22675923a61ef75e6e9188bd113a6e1",
        "type": "github"
      },
      "original": {
        "owner": "nix-community",
        "ref": "master",
        "repo": "home-manager",
        "type": "github"
      }
    },
    "nixpkgs": {
      "locked": {
        "lastModified": 1726463316,
        "narHash": "sha256-gI9kkaH0ZjakJOKrdjaI/VbaMEo9qBbSUl93DnU7f4c=",
        "owner": "NixOS",
        "repo": "nixpkgs",
        "rev": "99dc8785f6a0adac95f5e2ab05cc2e1bf666d172",
        "type": "github"
      },
      "original": {
        "id": "nixpkgs",
        "ref": "nixos-unstable",
        "type": "indirect"
      }
    },
    "nixpkgs-stable": {
      "locked": {
        "lastModified": 1726447378,
        "narHash": "sha256-2yV8nmYE1p9lfmLHhOCbYwQC/W8WYfGQABoGzJOb1JQ=",
        "owner": "NixOS",
        "repo": "nixpkgs",
        "rev": "086b448a5d54fd117f4dc2dee55c9f0ff461bdc1",
        "type": "github"
      },
      "original": {
        "id": "nixpkgs",
        "ref": "nixos-24.05",
        "type": "indirect"
      }
    },
    "root": {
      "inputs": {
        "base16": "base16",
        "home-manager": "home-manager",
        "nixpkgs": "nixpkgs",
        "nixpkgs-stable": "nixpkgs-stable",
        "tt-schemes": "tt-schemes"
      }
    },
    "tt-schemes": {
      "flake": false,
      "locked": {
        "lastModified": 1725746347,
        "narHash": "sha256-qfuu/o1pi4pImwMq+sQ85wy1g7ngPr9tFi5WfkoVGr4=",
        "owner": "tinted-theming",
        "repo": "schemes",
        "rev": "e43188f3bba5fb31d199cc82b542b13579977cb6",
        "type": "github"
      },
      "original": {
        "owner": "tinted-theming",
        "repo": "schemes",
        "type": "github"
      }
    }
  },
  "root": "root",
  "version": 7
}
